<?xml version="1.0" encoding="utf-8"?>
<Project ToolsVersion="4.0" xmlns="http://schemas.microsoft.com/developer/msbuild/2003">
  <ItemGroup>
    <Filter Include="Source Files">
      <UniqueIdentifier>{4FC737F1-C7A5-4376-A066-2A32D752A2FF}</UniqueIdentifier>
      <Extensions>cpp;c;cc;cxx;c++;cppm;ixx;def;odl;idl;hpj;bat;asm;asmx</Extensions>
    </Filter>
    <Filter Include="Header Files">
      <UniqueIdentifier>{93995380-89BD-4b04-88EB-625FBE52EBFB}</UniqueIdentifier>
      <Extensions>h;hh;hpp;hxx;h++;hm;inl;inc;ipp;xsd</Extensions>
    </Filter>
    <Filter Include="Resource Files">
      <UniqueIdentifier>{67DA6AB6-F800-4c08-8B7A-83BB121AAD01}</UniqueIdentifier>
      <Extensions>rc;ico;cur;bmp;dlg;rc2;rct;bin;rgs;gif;jpg;jpeg;jpe;resx;tiff;tif;png;wav;mfcribbon-ms</Extensions>
    </Filter>
    <Filter Include="Header Files\Utility">
      <UniqueIdentifier>{72ff954d-855b-46c4-9212-35fca33da719}</UniqueIdentifier>
    </Filter>
    <Filter Include="Header Files\LeetCode">
      <UniqueIdentifier>{797c956d-3167-4e93-b2d6-357d06c25aa1}</UniqueIdentifier>
    </Filter>
    <Filter Include="Header Files\CodeForces">
      <UniqueIdentifier>{7c8a6c22-501f-4395-bfcd-654b899dd4ec}</UniqueIdentifier>
    </Filter>
  </ItemGroup>
  <ItemGroup>
    <ClCompile Include="Main.cpp">
      <Filter>Source Files</Filter>
    </ClCompile>
  </ItemGroup>
  <ItemGroup>
    <ClInclude Include="Utility\BinaryTree.h">
      <Filter>Header Files\Utility</Filter>
    </ClInclude>
    <ClInclude Include="Utility\BinSearch.h">
      <Filter>Header Files\Utility</Filter>
    </ClInclude>
    <ClInclude Include="Utility\BreadthFirstSearch.h">
      <Filter>Header Files\Utility</Filter>
    </ClInclude>
    <ClInclude Include="Utility\List.h">
      <Filter>Header Files\Utility</Filter>
    </ClInclude>
    <ClInclude Include="Utility\Matrix.h">
      <Filter>Header Files\Utility</Filter>
    </ClInclude>
    <ClInclude Include="Utility\SolutionRunner.h">
      <Filter>Header Files\Utility</Filter>
    </ClInclude>
    <ClInclude Include="LeetCode\LeetCode-4.h">
      <Filter>Header Files\LeetCode</Filter>
    </ClInclude>
    <ClInclude Include="LeetCode\LeetCode-21.h">
      <Filter>Header Files\LeetCode</Filter>
    </ClInclude>
    <ClInclude Include="LeetCode\LeetCode-136.h">
      <Filter>Header Files\LeetCode</Filter>
    </ClInclude>
    <ClInclude Include="LeetCode\LeetCode-200.h">
      <Filter>Header Files\LeetCode</Filter>
    </ClInclude>
    <ClInclude Include="LeetCode\LeetCode-1137.h">
      <Filter>Header Files\LeetCode</Filter>
    </ClInclude>
    <ClInclude Include="CodeForces\CodeForce-1598A.h">
      <Filter>Header Files\CodeForces</Filter>
    </ClInclude>
    <ClInclude Include="CodeForces\CodeForce-1598B.h">
      <Filter>Header Files\CodeForces</Filter>
    </ClInclude>
    <ClInclude Include="LeetCode\LeetCode-15.h">
      <Filter>Header Files</Filter>
    </ClInclude>
  </ItemGroup>
</Project>